
Microsoft Visual Studio Solution File, Format Version 12.00
# Visual Studio 15
Project("{FAE04EC0-301F-11D3-BF4B-00C04F79EFBC}") = "UniRx", "UniRx.csproj", "{DBA477AA-7C4E-21E1-F3E0-292877B56E06}"
EndProject
Project("{FAE04EC0-301F-11D3-BF4B-00C04F79EFBC}") = "Assembly-CSharp", "Assembly-CSharp.csproj", "{FD5C6687-5E36-A53E-4B0E-ADAC9DDECD28}"
EndProject
Project("{FAE04EC0-301F-11D3-BF4B-00C04F79EFBC}") = "UniRx.Async", "UniRx.Async.csproj", "{B76900D5-9497-B54B-43C8-9F7B0E4D05A0}"
EndProject
Project("{FAE04EC0-301F-11D3-BF4B-00C04F79EFBC}") = "Assembly-CSharp-Editor", "Assembly-CSharp-Editor.csproj", "{9044A772-ED48-2BAA-9F3D-8ACD86D19BDB}"
EndProject
Project("{FAE04EC0-301F-11D3-BF4B-00C04F79EFBC}") = "UniRx.Async.Editor", "UniRx.Async.Editor.csproj", "{56A60E85-2B05-9133-0605-0EA918F83733}"
EndProject
Global
	GlobalSection(SolutionConfigurationPlatforms) = preSolution
		Debug|Any CPU = Debug|Any CPU
		Release|Any CPU = Release|Any CPU
	EndGlobalSection
	GlobalSection(ProjectConfigurationPlatforms) = postSolution
		{DBA477AA-7C4E-21E1-F3E0-292877B56E06}.Debug|Any CPU.ActiveCfg = Debug|Any CPU
		{DBA477AA-7C4E-21E1-F3E0-292877B56E06}.Debug|Any CPU.Build.0 = Debug|Any CPU
		{DBA477AA-7C4E-21E1-F3E0-292877B56E06}.Release|Any CPU.ActiveCfg = Release|Any CPU
		{DBA477AA-7C4E-21E1-F3E0-292877B56E06}.Release|Any CPU.Build.0 = Release|Any CPU
		{FD5C6687-5E36-A53E-4B0E-ADAC9DDECD28}.Debug|Any CPU.ActiveCfg = Debug|Any CPU
		{FD5C6687-5E36-A53E-4B0E-ADAC9DDECD28}.Debug|Any CPU.Build.0 = Debug|Any CPU
		{FD5C6687-5E36-A53E-4B0E-ADAC9DDECD28}.Release|Any CPU.ActiveCfg = Release|Any CPU
		{FD5C6687-5E36-A53E-4B0E-ADAC9DDECD28}.Release|Any CPU.Build.0 = Release|Any CPU
		{B76900D5-9497-B54B-43C8-9F7B0E4D05A0}.Debug|Any CPU.ActiveCfg = Debug|Any CPU
		{B76900D5-9497-B54B-43C8-9F7B0E4D05A0}.Debug|Any CPU.Build.0 = Debug|Any CPU
		{B76900D5-9497-B54B-43C8-9F7B0E4D05A0}.Release|Any CPU.ActiveCfg = Release|Any CPU
		{B76900D5-9497-B54B-43C8-9F7B0E4D05A0}.Release|Any CPU.Build.0 = Release|Any CPU
		{9044A772-ED48-2BAA-9F3D-8ACD86D19BDB}.Debug|Any CPU.ActiveCfg = Debug|Any CPU
		{9044A772-ED48-2BAA-9F3D-8ACD86D19BDB}.Debug|Any CPU.Build.0 = Debug|Any CPU
		{9044A772-ED48-2BAA-9F3D-8ACD86D19BDB}.Release|Any CPU.ActiveCfg = Release|Any CPU
		{9044A772-ED48-2BAA-9F3D-8ACD86D19BDB}.Release|Any CPU.Build.0 = Release|Any CPU
		{56A60E85-2B05-9133-0605-0EA918F83733}.Debug|Any CPU.ActiveCfg = Debug|Any CPU
		{56A60E85-2B05-9133-0605-0EA918F83733}.Debug|Any CPU.Build.0 = Debug|Any CPU
		{56A60E85-2B05-9133-0605-0EA918F83733}.Release|Any CPU.ActiveCfg = Release|Any CPU
		{56A60E85-2B05-9133-0605-0EA918F83733}.Release|Any CPU.Build.0 = Release|Any CPU
	EndGlobalSection
	GlobalSection(SolutionProperties) = preSolution
		HideSolutionNode = FALSE
	EndGlobalSection
EndGlobal
